
Microsoft Visual Studio Solution File, Format Version 12.00
# Visual Studio Version 17
VisualStudioVersion = 17.9.34622.214
MinimumVisualStudioVersion = 10.0.40219.1
Project("{2150E333-8FDC-42A3-9474-1A3956D46DE8}") = "benchmarks", "benchmarks", "{931B8CA1-4598-4F57-9E4D-413C8D21D61D}"
EndProject
Project("{9A19103F-16F7-4668-BE54-9A1E7A4F7556}") = "ScoreHunter.Benchmarks", "benchmarks\ScoreHunter.Benchmarks\ScoreHunter.Benchmarks.csproj", "{8EE7BD5B-D9C8-4EE5-B89B-A835F06D0416}"
EndProject
Project("{2150E333-8FDC-42A3-9474-1A3956D46DE8}") = "src", "src", "{63E384C6-CAF2-4E7A-B7DA-28422387F666}"
EndProject
Project("{9A19103F-16F7-4668-BE54-9A1E7A4F7556}") = "ScoreHunter", "src\ScoreHunter\ScoreHunter.csproj", "{D2AF06BC-E5E2-4515-9C37-67CE7A4C2394}"
EndProject
Project("{9A19103F-16F7-4668-BE54-9A1E7A4F7556}") = "ScoreHunter.CommandLine", "src\ScoreHunter.CommandLine\ScoreHunter.CommandLine.csproj", "{99EFB67E-6A81-4258-9ADB-5D371424567E}"
EndProject
Project("{9A19103F-16F7-4668-BE54-9A1E7A4F7556}") = "ScoreHunter.Core", "src\ScoreHunter.Core\ScoreHunter.Core.csproj", "{3C64685F-0E30-47AF-AC88-8421A128A964}"
EndProject
Project("{9A19103F-16F7-4668-BE54-9A1E7A4F7556}") = "ScoreHunter.Extensions.Localization", "src\ScoreHunter.Extensions.Localization\ScoreHunter.Extensions.Localization.csproj", "{79D47A1C-7221-467E-9284-5FD57ED61AA0}"
EndProject
Project("{9A19103F-16F7-4668-BE54-9A1E7A4F7556}") = "ScoreHunter.PowerShell", "src\ScoreHunter.PowerShell\ScoreHunter.PowerShell.csproj", "{42CDBEEF-D535-490C-AFEB-C18B9D6EF5A8}"
EndProject
Project("{9A19103F-16F7-4668-BE54-9A1E7A4F7556}") = "ScoreHunter.Xmk", "src\ScoreHunter.Xmk\ScoreHunter.Xmk.csproj", "{8A38F9AE-E6F3-4A5F-94FE-8F3AA645E04B}"
EndProject
Project("{2150E333-8FDC-42A3-9474-1A3956D46DE8}") = "tests", "tests", "{949350DC-A0BA-49E6-BC94-4FE01DCDD099}"
EndProject
Project("{9A19103F-16F7-4668-BE54-9A1E7A4F7556}") = "ScoreHunter.Tests", "tests\ScoreHunter.Tests\ScoreHunter.Tests.csproj", "{25A53D61-620C-4067-9C2B-1B910C777C46}"
EndProject
Project("{9A19103F-16F7-4668-BE54-9A1E7A4F7556}") = "ScoreHunter.Testing", "tests\ScoreHunter.Testing\ScoreHunter.Testing.csproj", "{DDE3E69A-D214-40DA-86B9-BD8E9338819C}"
EndProject
Global
	GlobalSection(SolutionConfigurationPlatforms) = preSolution
		Debug|Any CPU = Debug|Any CPU
		Release|Any CPU = Release|Any CPU
	EndGlobalSection
	GlobalSection(ProjectConfigurationPlatforms) = postSolution
		{8EE7BD5B-D9C8-4EE5-B89B-A835F06D0416}.Debug|Any CPU.ActiveCfg = Debug|Any CPU
		{8EE7BD5B-D9C8-4EE5-B89B-A835F06D0416}.Debug|Any CPU.Build.0 = Debug|Any CPU
		{8EE7BD5B-D9C8-4EE5-B89B-A835F06D0416}.Release|Any CPU.ActiveCfg = Release|Any CPU
		{8EE7BD5B-D9C8-4EE5-B89B-A835F06D0416}.Release|Any CPU.Build.0 = Release|Any CPU
		{D2AF06BC-E5E2-4515-9C37-67CE7A4C2394}.Debug|Any CPU.ActiveCfg = Debug|Any CPU
		{D2AF06BC-E5E2-4515-9C37-67CE7A4C2394}.Debug|Any CPU.Build.0 = Debug|Any CPU
		{D2AF06BC-E5E2-4515-9C37-67CE7A4C2394}.Release|Any CPU.ActiveCfg = Release|Any CPU
		{D2AF06BC-E5E2-4515-9C37-67CE7A4C2394}.Release|Any CPU.Build.0 = Release|Any CPU
		{99EFB67E-6A81-4258-9ADB-5D371424567E}.Debug|Any CPU.ActiveCfg = Debug|Any CPU
		{99EFB67E-6A81-4258-9ADB-5D371424567E}.Debug|Any CPU.Build.0 = Debug|Any CPU
		{99EFB67E-6A81-4258-9ADB-5D371424567E}.Release|Any CPU.ActiveCfg = Release|Any CPU
		{99EFB67E-6A81-4258-9ADB-5D371424567E}.Release|Any CPU.Build.0 = Release|Any CPU
		{3C64685F-0E30-47AF-AC88-8421A128A964}.Debug|Any CPU.ActiveCfg = Debug|Any CPU
		{3C64685F-0E30-47AF-AC88-8421A128A964}.Debug|Any CPU.Build.0 = Debug|Any CPU
		{3C64685F-0E30-47AF-AC88-8421A128A964}.Release|Any CPU.ActiveCfg = Release|Any CPU
		{3C64685F-0E30-47AF-AC88-8421A128A964}.Release|Any CPU.Build.0 = Release|Any CPU
		{79D47A1C-7221-467E-9284-5FD57ED61AA0}.Debug|Any CPU.ActiveCfg = Debug|Any CPU
		{79D47A1C-7221-467E-9284-5FD57ED61AA0}.Debug|Any CPU.Build.0 = Debug|Any CPU
		{79D47A1C-7221-467E-9284-5FD57ED61AA0}.Release|Any CPU.ActiveCfg = Release|Any CPU
		{79D47A1C-7221-467E-9284-5FD57ED61AA0}.Release|Any CPU.Build.0 = Release|Any CPU
		{42CDBEEF-D535-490C-AFEB-C18B9D6EF5A8}.Debug|Any CPU.ActiveCfg = Debug|Any CPU
		{42CDBEEF-D535-490C-AFEB-C18B9D6EF5A8}.Debug|Any CPU.Build.0 = Debug|Any CPU
		{42CDBEEF-D535-490C-AFEB-C18B9D6EF5A8}.Release|Any CPU.ActiveCfg = Release|Any CPU
		{42CDBEEF-D535-490C-AFEB-C18B9D6EF5A8}.Release|Any CPU.Build.0 = Release|Any CPU
		{8A38F9AE-E6F3-4A5F-94FE-8F3AA645E04B}.Debug|Any CPU.ActiveCfg = Debug|Any CPU
		{8A38F9AE-E6F3-4A5F-94FE-8F3AA645E04B}.Debug|Any CPU.Build.0 = Debug|Any CPU
		{8A38F9AE-E6F3-4A5F-94FE-8F3AA645E04B}.Release|Any CPU.ActiveCfg = Release|Any CPU
		{8A38F9AE-E6F3-4A5F-94FE-8F3AA645E04B}.Release|Any CPU.Build.0 = Release|Any CPU
		{25A53D61-620C-4067-9C2B-1B910C777C46}.Debug|Any CPU.ActiveCfg = Debug|Any CPU
		{25A53D61-620C-4067-9C2B-1B910C777C46}.Debug|Any CPU.Build.0 = Debug|Any CPU
		{25A53D61-620C-4067-9C2B-1B910C777C46}.Release|Any CPU.ActiveCfg = Release|Any CPU
		{25A53D61-620C-4067-9C2B-1B910C777C46}.Release|Any CPU.Build.0 = Release|Any CPU
		{DDE3E69A-D214-40DA-86B9-BD8E9338819C}.Debug|Any CPU.ActiveCfg = Debug|Any CPU
		{DDE3E69A-D214-40DA-86B9-BD8E9338819C}.Debug|Any CPU.Build.0 = Debug|Any CPU
		{DDE3E69A-D214-40DA-86B9-BD8E9338819C}.Release|Any CPU.ActiveCfg = Release|Any CPU
		{DDE3E69A-D214-40DA-86B9-BD8E9338819C}.Release|Any CPU.Build.0 = Release|Any CPU
	EndGlobalSection
	GlobalSection(SolutionProperties) = preSolution
		HideSolutionNode = FALSE
	EndGlobalSection
	GlobalSection(NestedProjects) = preSolution
		{8EE7BD5B-D9C8-4EE5-B89B-A835F06D0416} = {931B8CA1-4598-4F57-9E4D-413C8D21D61D}
		{D2AF06BC-E5E2-4515-9C37-67CE7A4C2394} = {63E384C6-CAF2-4E7A-B7DA-28422387F666}
		{99EFB67E-6A81-4258-9ADB-5D371424567E} = {63E384C6-CAF2-4E7A-B7DA-28422387F666}
		{3C64685F-0E30-47AF-AC88-8421A128A964} = {63E384C6-CAF2-4E7A-B7DA-28422387F666}
		{79D47A1C-7221-467E-9284-5FD57ED61AA0} = {63E384C6-CAF2-4E7A-B7DA-28422387F666}
		{42CDBEEF-D535-490C-AFEB-C18B9D6EF5A8} = {63E384C6-CAF2-4E7A-B7DA-28422387F666}
		{8A38F9AE-E6F3-4A5F-94FE-8F3AA645E04B} = {63E384C6-CAF2-4E7A-B7DA-28422387F666}
		{25A53D61-620C-4067-9C2B-1B910C777C46} = {949350DC-A0BA-49E6-BC94-4FE01DCDD099}
		{DDE3E69A-D214-40DA-86B9-BD8E9338819C} = {949350DC-A0BA-49E6-BC94-4FE01DCDD099}
	EndGlobalSection
	GlobalSection(ExtensibilityGlobals) = postSolution
		SolutionGuid = {B90E6543-A5DD-4503-B2D5-04D04EA5DC8D}
	EndGlobalSection
EndGlobal
